// !$*UTF8*$!
{
	archiveVersion = 1;
	classes = {
	};
	objectVersion = 46;
	objects = {

/* Begin PBXBuildFile section */
		6E5372901F44E188007630DB /* AlgorithmProtocol.swift in Sources */ = {isa = PBXBuildFile; fileRef = 6E53728F1F44E188007630DB /* AlgorithmProtocol.swift */; };
		6E79CBE21F44AE8300F385D2 /* AppDelegate.swift in Sources */ = {isa = PBXBuildFile; fileRef = 6E79CBE11F44AE8300F385D2 /* AppDelegate.swift */; };
		6E79CBE41F44AE8300F385D2 /* MasterViewController.swift in Sources */ = {isa = PBXBuildFile; fileRef = 6E79CBE31F44AE8300F385D2 /* MasterViewController.swift */; };
		6E79CBE61F44AE8300F385D2 /* DetailViewController.swift in Sources */ = {isa = PBXBuildFile; fileRef = 6E79CBE51F44AE8300F385D2 /* DetailViewController.swift */; };
		6E79CBE91F44AE8300F385D2 /* Main.storyboard in Resources */ = {isa = PBXBuildFile; fileRef = 6E79CBE71F44AE8300F385D2 /* Main.storyboard */; };
		6E79CBEB1F44AE8300F385D2 /* Assets.xcassets in Resources */ = {isa = PBXBuildFile; fileRef = 6E79CBEA1F44AE8300F385D2 /* Assets.xcassets */; };
		6E79CBEE1F44AE8300F385D2 /* LaunchScreen.storyboard in Resources */ = {isa = PBXBuildFile; fileRef = 6E79CBEC1F44AE8300F385D2 /* LaunchScreen.storyboard */; };
		6E79CBF61F44AF7A00F385D2 /* VisualizerView.swift in Sources */ = {isa = PBXBuildFile; fileRef = 6E79CBF51F44AF7A00F385D2 /* VisualizerView.swift */; };
		6E79CBF81F44B7CA00F385D2 /* Constants.swift in Sources */ = {isa = PBXBuildFile; fileRef = 6E79CBF71F44B7CA00F385D2 /* Constants.swift */; };
		6E79CBFB1F44BDCA00F385D2 /* MergeSort.swift in Sources */ = {isa = PBXBuildFile; fileRef = 6E79CBFA1F44BDCA00F385D2 /* MergeSort.swift */; };
		6E79CBFD1F44BDE800F385D2 /* Heapsort.swift in Sources */ = {isa = PBXBuildFile; fileRef = 6E79CBFC1F44BDE800F385D2 /* Heapsort.swift */; };
		6E79CBFF1F44BDFA00F385D2 /* Quicksort.swift in Sources */ = {isa = PBXBuildFile; fileRef = 6E79CBFE1F44BDFA00F385D2 /* Quicksort.swift */; };
		6E79CC011F44BE0900F385D2 /* BubbleSort.swift in Sources */ = {isa = PBXBuildFile; fileRef = 6E79CC001F44BE0900F385D2 /* BubbleSort.swift */; };
		6E79CC031F44BE1A00F385D2 /* InsertionSort.swift in Sources */ = {isa = PBXBuildFile; fileRef = 6E79CC021F44BE1A00F385D2 /* InsertionSort.swift */; };
		6E79CC051F44BE3A00F385D2 /* SelectionSort.swift in Sources */ = {isa = PBXBuildFile; fileRef = 6E79CC041F44BE3A00F385D2 /* SelectionSort.swift */; };
		6E79CC071F44BE4B00F385D2 /* RadixSort.swift in Sources */ = {isa = PBXBuildFile; fileRef = 6E79CC061F44BE4B00F385D2 /* RadixSort.swift */; };
/* End PBXBuildFile section */

/* Begin PBXFileReference section */
		6E53728F1F44E188007630DB /* AlgorithmProtocol.swift */ = {isa = PBXFileReference; fileEncoding = 4; lastKnownFileType = sourcecode.swift; name = AlgorithmProtocol.swift; path = Algorithms/AlgorithmProtocol.swift; sourceTree = "<group>"; };
		6E79CBDE1F44AE8300F385D2 /* AlgorithmVisualizer.app */ = {isa = PBXFileReference; explicitFileType = wrapper.application; includeInIndex = 0; path = AlgorithmVisualizer.app; sourceTree = BUILT_PRODUCTS_DIR; };
		6E79CBE11F44AE8300F385D2 /* AppDelegate.swift */ = {isa = PBXFileReference; lastKnownFileType = sourcecode.swift; path = AppDelegate.swift; sourceTree = "<group>"; };
		6E79CBE31F44AE8300F385D2 /* MasterViewController.swift */ = {isa = PBXFileReference; lastKnownFileType = sourcecode.swift; path = MasterViewController.swift; sourceTree = "<group>"; };
		6E79CBE51F44AE8300F385D2 /* DetailViewController.swift */ = {isa = PBXFileReference; lastKnownFileType = sourcecode.swift; path = DetailViewController.swift; sourceTree = "<group>"; };
		6E79CBE81F44AE8300F385D2 /* Base */ = {isa = PBXFileReference; lastKnownFileType = file.storyboard; name = Base; path = Base.lproj/Main.storyboard; sourceTree = "<group>"; };
		6E79CBEA1F44AE8300F385D2 /* Assets.xcassets */ = {isa = PBXFileReference; lastKnownFileType = folder.assetcatalog; path = Assets.xcassets; sourceTree = "<group>"; };
		6E79CBED1F44AE8300F385D2 /* Base */ = {isa = PBXFileReference; lastKnownFileType = file.storyboard; name = Base; path = Base.lproj/LaunchScreen.storyboard; sourceTree = "<group>"; };
		6E79CBEF1F44AE8300F385D2 /* Info.plist */ = {isa = PBXFileReference; lastKnownFileType = text.plist.xml; path = Info.plist; sourceTree = "<group>"; };
		6E79CBF51F44AF7A00F385D2 /* VisualizerView.swift */ = {isa = PBXFileReference; fileEncoding = 4; lastKnownFileType = sourcecode.swift; path = VisualizerView.swift; sourceTree = "<group>"; };
		6E79CBF71F44B7CA00F385D2 /* Constants.swift */ = {isa = PBXFileReference; fileEncoding = 4; lastKnownFileType = sourcecode.swift; path = Constants.swift; sourceTree = "<group>"; };
		6E79CBFA1F44BDCA00F385D2 /* MergeSort.swift */ = {isa = PBXFileReference; fileEncoding = 4; lastKnownFileType = sourcecode.swift; name = MergeSort.swift; path = Algorithms/MergeSort.swift; sourceTree = "<group>"; };
		6E79CBFC1F44BDE800F385D2 /* Heapsort.swift */ = {isa = PBXFileReference; fileEncoding = 4; lastKnownFileType = sourcecode.swift; name = Heapsort.swift; path = Algorithms/Heapsort.swift; sourceTree = "<group>"; };
		6E79CBFE1F44BDFA00F385D2 /* Quicksort.swift */ = {isa = PBXFileReference; fileEncoding = 4; lastKnownFileType = sourcecode.swift; name = Quicksort.swift; path = Algorithms/Quicksort.swift; sourceTree = "<group>"; };
		6E79CC001F44BE0900F385D2 /* BubbleSort.swift */ = {isa = PBXFileReference; fileEncoding = 4; lastKnownFileType = sourcecode.swift; name = BubbleSort.swift; path = Algorithms/BubbleSort.swift; sourceTree = "<group>"; };
		6E79CC021F44BE1A00F385D2 /* InsertionSort.swift */ = {isa = PBXFileReference; fileEncoding = 4; lastKnownFileType = sourcecode.swift; name = InsertionSort.swift; path = Algorithms/InsertionSort.swift; sourceTree = "<group>"; };
		6E79CC041F44BE3A00F385D2 /* SelectionSort.swift */ = {isa = PBXFileReference; fileEncoding = 4; lastKnownFileType = sourcecode.swift; name = SelectionSort.swift; path = Algorithms/SelectionSort.swift; sourceTree = "<group>"; };
		6E79CC061F44BE4B00F385D2 /* RadixSort.swift */ = {isa = PBXFileReference; fileEncoding = 4; lastKnownFileType = sourcecode.swift; name = RadixSort.swift; path = Algorithms/RadixSort.swift; sourceTree = "<group>"; };
/* End PBXFileReference section */

/* Begin PBXFrameworksBuildPhase section */
		6E79CBDB1F44AE8300F385D2 /* Frameworks */ = {
			isa = PBXFrameworksBuildPhase;
			buildActionMask = 2147483647;
			files = (
			);
			runOnlyForDeploymentPostprocessing = 0;
		};
/* End PBXFrameworksBuildPhase section */

/* Begin PBXGroup section */
		6E79CBD51F44AE8300F385D2 = {
			isa = PBXGroup;
			children = (
				6E79CBE01F44AE8300F385D2 /* AlgorithmVisualizer */,
				6E79CBDF1F44AE8300F385D2 /* Products */,
			);
			sourceTree = "<group>";
		};
		6E79CBDF1F44AE8300F385D2 /* Products */ = {
			isa = PBXGroup;
			children = (
				6E79CBDE1F44AE8300F385D2 /* AlgorithmVisualizer.app */,
			);
			name = Products;
			sourceTree = "<group>";
		};
		6E79CBE01F44AE8300F385D2 /* AlgorithmVisualizer */ = {
			isa = PBXGroup;
			children = (
				6E79CBF91F44BDA500F385D2 /* Algorithms */,
				6E79CBE11F44AE8300F385D2 /* AppDelegate.swift */,
				6E79CBEA1F44AE8300F385D2 /* Assets.xcassets */,
				6E79CBF71F44B7CA00F385D2 /* Constants.swift */,
				6E79CBE51F44AE8300F385D2 /* DetailViewController.swift */,
				6E79CBEF1F44AE8300F385D2 /* Info.plist */,
				6E79CBEC1F44AE8300F385D2 /* LaunchScreen.storyboard */,
				6E79CBE71F44AE8300F385D2 /* Main.storyboard */,
				6E79CBE31F44AE8300F385D2 /* MasterViewController.swift */,
				6E79CBF51F44AF7A00F385D2 /* VisualizerView.swift */,
			);
			path = AlgorithmVisualizer;
			sourceTree = "<group>";
		};
		6E79CBF91F44BDA500F385D2 /* Algorithms */ = {
			isa = PBXGroup;
			children = (
				6E53728F1F44E188007630DB /* AlgorithmProtocol.swift */,
				6E79CC001F44BE0900F385D2 /* BubbleSort.swift */,
				6E79CBFC1F44BDE800F385D2 /* Heapsort.swift */,
				6E79CC021F44BE1A00F385D2 /* InsertionSort.swift */,
				6E79CBFA1F44BDCA00F385D2 /* MergeSort.swift */,
				6E79CBFE1F44BDFA00F385D2 /* Quicksort.swift */,
				6E79CC061F44BE4B00F385D2 /* RadixSort.swift */,
				6E79CC041F44BE3A00F385D2 /* SelectionSort.swift */,
			);
			name = Algorithms;
			sourceTree = "<group>";
		};
/* End PBXGroup section */

/* Begin PBXNativeTarget section */
		6E79CBDD1F44AE8300F385D2 /* AlgorithmVisualizer */ = {
			isa = PBXNativeTarget;
			buildConfigurationList = 6E79CBF21F44AE8300F385D2 /* Build configuration list for PBXNativeTarget "AlgorithmVisualizer" */;
			buildPhases = (
				6E79CBDA1F44AE8300F385D2 /* Sources */,
				6E79CBDB1F44AE8300F385D2 /* Frameworks */,
				6E79CBDC1F44AE8300F385D2 /* Resources */,
			);
			buildRules = (
			);
			dependencies = (
			);
			name = AlgorithmVisualizer;
			productName = AlgorithmVisualizer;
			productReference = 6E79CBDE1F44AE8300F385D2 /* AlgorithmVisualizer.app */;
			productType = "com.apple.product-type.application";
		};
/* End PBXNativeTarget section */

/* Begin PBXProject section */
		6E79CBD61F44AE8300F385D2 /* Project object */ = {
			isa = PBXProject;
			attributes = {
				LastSwiftUpdateCheck = 0830;
				LastUpgradeCheck = 0830;
				ORGANIZATIONNAME = "Brandon Hostetter";
				TargetAttributes = {
					6E79CBDD1F44AE8300F385D2 = {
						CreatedOnToolsVersion = 8.3.3;
						DevelopmentTeam = G8958DTB9F;
						ProvisioningStyle = Automatic;
					};
				};
			};
			buildConfigurationList = 6E79CBD91F44AE8300F385D2 /* Build configuration list for PBXProject "AlgorithmVisualizer" */;
			compatibilityVersion = "Xcode 3.2";
			developmentRegion = English;
			hasScannedForEncodings = 0;
			knownRegions = (
				en,
				Base,
			);
			mainGroup = 6E79CBD51F44AE8300F385D2;
			productRefGroup = 6E79CBDF1F44AE8300F385D2 /* Products */;
			projectDirPath = "";
			projectRoot = "";
			targets = (
				6E79CBDD1F44AE8300F385D2 /* AlgorithmVisualizer */,
			);
		};
/* End PBXProject section */

/* Begin PBXResourcesBuildPhase section */
		6E79CBDC1F44AE8300F385D2 /* Resources */ = {
			isa = PBXResourcesBuildPhase;
			buildActionMask = 2147483647;
			files = (
				6E79CBEE1F44AE8300F385D2 /* LaunchScreen.storyboard in Resources */,
				6E79CBEB1F44AE8300F385D2 /* Assets.xcassets in Resources */,
				6E79CBE91F44AE8300F385D2 /* Main.storyboard in Resources */,
			);
			runOnlyForDeploymentPostprocessing = 0;
		};
/* End PBXResourcesBuildPhase section */

/* Begin PBXSourcesBuildPhase section */
		6E79CBDA1F44AE8300F385D2 /* Sources */ = {
			isa = PBXSourcesBuildPhase;
			buildActionMask = 2147483647;
			files = (
				6E79CBFB1F44BDCA00F385D2 /* MergeSort.swift in Sources */,
				6E79CC031F44BE1A00F385D2 /* InsertionSort.swift in Sources */,
				6E79CC071F44BE4B00F385D2 /* RadixSort.swift in Sources */,
				6E5372901F44E188007630DB /* AlgorithmProtocol.swift in Sources */,
				6E79CBF81F44B7CA00F385D2 /* Constants.swift in Sources */,
				6E79CBF61F44AF7A00F385D2 /* VisualizerView.swift in Sources */,
				6E79CC051F44BE3A00F385D2 /* SelectionSort.swift in Sources */,
				6E79CBE61F44AE8300F385D2 /* DetailViewController.swift in Sources */,
				6E79CBFD1F44BDE800F385D2 /* Heapsort.swift in Sources */,
				6E79CBE41F44AE8300F385D2 /* MasterViewController.swift in Sources */,
				6E79CBE21F44AE8300F385D2 /* AppDelegate.swift in Sources */,
				6E79CBFF1F44BDFA00F385D2 /* Quicksort.swift in Sources */,
				6E79CC011F44BE0900F385D2 /* BubbleSort.swift in Sources */,
			);
			runOnlyForDeploymentPostprocessing = 0;
		};
/* End PBXSourcesBuildPhase section */

/* Begin PBXVariantGroup section */
		6E79CBE71F44AE8300F385D2 /* Main.storyboard */ = {
			isa = PBXVariantGroup;
			children = (
				6E79CBE81F44AE8300F385D2 /* Base */,
			);
			name = Main.storyboard;
			sourceTree = "<group>";
		};
		6E79CBEC1F44AE8300F385D2 /* LaunchScreen.storyboard */ = {
			isa = PBXVariantGroup;
			children = (
				6E79CBED1F44AE8300F385D2 /* Base */,
			);
			name = LaunchScreen.storyboard;
			sourceTree = "<group>";
		};
/* End PBXVariantGroup section */

/* Begin XCBuildConfiguration section */
		6E79CBF01F44AE8300F385D2 /* Debug */ = {
			isa = XCBuildConfiguration;
			buildSettings = {
				ALWAYS_SEARCH_USER_PATHS = NO;
				CLANG_ANALYZER_NONNULL = YES;
				CLANG_ANALYZER_NUMBER_OBJECT_CONVERSION = YES_AGGRESSIVE;
				CLANG_CXX_LANGUAGE_STANDARD = "gnu++0x";
				CLANG_CXX_LIBRARY = "libc++";
				CLANG_ENABLE_MODULES = YES;
				CLANG_ENABLE_OBJC_ARC = YES;
				CLANG_WARN_BOOL_CONVERSION = YES;
				CLANG_WARN_CONSTANT_CONVERSION = YES;
				CLANG_WARN_DIRECT_OBJC_ISA_USAGE = YES_ERROR;
				CLANG_WARN_DOCUMENTATION_COMMENTS = YES;
				CLANG_WARN_EMPTY_BODY = YES;
				CLANG_WARN_ENUM_CONVERSION = YES;
				CLANG_WARN_INFINITE_RECURSION = YES;
				CLANG_WARN_INT_CONVERSION = YES;
				CLANG_WARN_OBJC_ROOT_CLASS = YES_ERROR;
				CLANG_WARN_SUSPICIOUS_MOVE = YES;
				CLANG_WARN_UNREACHABLE_CODE = YES;
				CLANG_WARN__DUPLICATE_METHOD_MATCH = YES;
				"CODE_SIGN_IDENTITY[sdk=iphoneos*]" = "iPhone Developer";
				COPY_PHASE_STRIP = NO;
				DEBUG_INFORMATION_FORMAT = dwarf;
				ENABLE_STRICT_OBJC_MSGSEND = YES;
				ENABLE_TESTABILITY = YES;
				GCC_C_LANGUAGE_STANDARD = gnu99;
				GCC_DYNAMIC_NO_PIC = NO;
				GCC_NO_COMMON_BLOCKS = YES;
				GCC_OPTIMIZATION_LEVEL = 0;
				GCC_PREPROCESSOR_DEFINITIONS = (
					"DEBUG=1",
					"$(inherited)",
				);
				GCC_WARN_64_TO_32_BIT_CONVERSION = YES;
				GCC_WARN_ABOUT_RETURN_TYPE = YES_ERROR;
				GCC_WARN_UNDECLARED_SELECTOR = YES;
				GCC_WARN_UNINITIALIZED_AUTOS = YES_AGGRESSIVE;
				GCC_WARN_UNUSED_FUNCTION = YES;
				GCC_WARN_UNUSED_VARIABLE = YES;
				IPHONEOS_DEPLOYMENT_TARGET = 10.3;
				MTL_ENABLE_DEBUG_INFO = YES;
				ONLY_ACTIVE_ARCH = YES;
				SDKROOT = iphoneos;
				SWIFT_ACTIVE_COMPILATION_CONDITIONS = DEBUG;
				SWIFT_OPTIMIZATION_LEVEL = "-Onone";
				TARGETED_DEVICE_FAMILY = "1,2";
			};
			name = Debug;
		};
		6E79CBF11F44AE8300F385D2 /* Release */ = {
			isa = XCBuildConfiguration;
			buildSettings = {
				ALWAYS_SEARCH_USER_PATHS = NO;
				CLANG_ANALYZER_NONNULL = YES;
				CLANG_ANALYZER_NUMBER_OBJECT_CONVERSION = YES_AGGRESSIVE;
				CLANG_CXX_LANGUAGE_STANDARD = "gnu++0x";
				CLANG_CXX_LIBRARY = "libc++";
				CLANG_ENABLE_MODULES = YES;
				CLANG_ENABLE_OBJC_ARC = YES;
				CLANG_WARN_BOOL_CONVERSION = YES;
				CLANG_WARN_CONSTANT_CONVERSION = YES;
				CLANG_WARN_DIRECT_OBJC_ISA_USAGE = YES_ERROR;
				CLANG_WARN_DOCUMENTATION_COMMENTS = YES;
				CLANG_WARN_EMPTY_BODY = YES;
				CLANG_WARN_ENUM_CONVERSION = YES;
				CLANG_WARN_INFINITE_RECURSION = YES;
				CLANG_WARN_INT_CONVERSION = YES;
				CLANG_WARN_OBJC_ROOT_CLASS = YES_ERROR;
				CLANG_WARN_SUSPICIOUS_MOVE = YES;
				CLANG_WARN_UNREACHABLE_CODE = YES;
				CLANG_WARN__DUPLICATE_METHOD_MATCH = YES;
				"CODE_SIGN_IDENTITY[sdk=iphoneos*]" = "iPhone Developer";
				COPY_PHASE_STRIP = NO;
				DEBUG_INFORMATION_FORMAT = "dwarf-with-dsym";
				ENABLE_NS_ASSERTIONS = NO;
				ENABLE_STRICT_OBJC_MSGSEND = YES;
				GCC_C_LANGUAGE_STANDARD = gnu99;
				GCC_NO_COMMON_BLOCKS = YES;
				GCC_WARN_64_TO_32_BIT_CONVERSION = YES;
				GCC_WARN_ABOUT_RETURN_TYPE = YES_ERROR;
				GCC_WARN_UNDECLARED_SELECTOR = YES;
				GCC_WARN_UNINITIALIZED_AUTOS = YES_AGGRESSIVE;
				GCC_WARN_UNUSED_FUNCTION = YES;
				GCC_WARN_UNUSED_VARIABLE = YES;
				IPHONEOS_DEPLOYMENT_TARGET = 10.3;
				MTL_ENABLE_DEBUG_INFO = NO;
				SDKROOT = iphoneos;
				SWIFT_OPTIMIZATION_LEVEL = "-Owholemodule";
				TARGETED_DEVICE_FAMILY = "1,2";
				VALIDATE_PRODUCT = YES;
			};
			name = Release;
		};
		6E79CBF31F44AE8300F385D2 /* Debug */ = {
			isa = XCBuildConfiguration;
			buildSettings = {
				ASSETCATALOG_COMPILER_APPICON_NAME = AppIcon;
				DEVELOPMENT_TEAM = G8958DTB9F;
				INFOPLIST_FILE = AlgorithmVisualizer/Info.plist;
				LD_RUNPATH_SEARCH_PATHS = "$(inherited) @executable_path/Frameworks";
				PRODUCT_BUNDLE_IDENTIFIER = Hostetter.AlgorithmVisualizer;
				PRODUCT_NAME = "$(TARGET_NAME)";
				SWIFT_VERSION = 3.0;
			};
			name = Debug;
		};
		6E79CBF41F44AE8300F385D2 /* Release */ = {
			isa = XCBuildConfiguration;
			buildSettings = {
				ASSETCATALOG_COMPILER_APPICON_NAME = AppIcon;
				DEVELOPMENT_TEAM = G8958DTB9F;
				INFOPLIST_FILE = AlgorithmVisualizer/Info.plist;
				LD_RUNPATH_SEARCH_PATHS = "$(inherited) @executable_path/Frameworks";
				PRODUCT_BUNDLE_IDENTIFIER = Hostetter.AlgorithmVisualizer;
				PRODUCT_NAME = "$(TARGET_NAME)";
				SWIFT_VERSION = 3.0;
			};
			name = Release;
		};
/* End XCBuildConfiguration section */

/* Begin XCConfigurationList section */
		6E79CBD91F44AE8300F385D2 /* Build configuration list for PBXProject "AlgorithmVisualizer" */ = {
			isa = XCConfigurationList;
			buildConfigurations = (
				6E79CBF01F44AE8300F385D2 /* Debug */,
				6E79CBF11F44AE8300F385D2 /* Release */,
			);
			defaultConfigurationIsVisible = 0;
			defaultConfigurationName = Release;
		};
		6E79CBF21F44AE8300F385D2 /* Build configuration list for PBXNativeTarget "AlgorithmVisualizer" */ = {
			isa = XCConfigurationList;
			buildConfigurations = (
				6E79CBF31F44AE8300F385D2 /* Debug */,
				6E79CBF41F44AE8300F385D2 /* Release */,
			);
			defaultConfigurationIsVisible = 0;
			defaultConfigurationName = Release;
		};
/* End XCConfigurationList section */
	};
	rootObject = 6E79CBD61F44AE8300F385D2 /* Project object */;
}
